// !$*UTF8*$!
{
	archiveVersion = 1;
	classes = {
	};
	objectVersion = 55;
	objects = {

/* Begin PBXBuildFile section */
		F7059834286CB2F600CCFAC2 /* PlayerView.swift in Sources */ = {isa = PBXBuildFile; fileRef = F7059833286CB2F600CCFAC2 /* PlayerView.swift */; };
		F7125B93286BAFB200D2203B /* CategoryViewVM.swift in Sources */ = {isa = PBXBuildFile; fileRef = F7125B92286BAFB200D2203B /* CategoryViewVM.swift */; };
		F755BDDE288B285500C49004 /* PlayerViewModel.swift in Sources */ = {isa = PBXBuildFile; fileRef = F755BDDD288B285500C49004 /* PlayerViewModel.swift */; };
		F758FD882875B515000BC6B7 /* UserViewModel.swift in Sources */ = {isa = PBXBuildFile; fileRef = F758FD872875B515000BC6B7 /* UserViewModel.swift */; };
		F758FD8D2875E49C000BC6B7 /* ArtistViewController.swift in Sources */ = {isa = PBXBuildFile; fileRef = F758FD8C2875E49C000BC6B7 /* ArtistViewController.swift */; };
		F758FD8F2875E69D000BC6B7 /* ArtistViewVM.swift in Sources */ = {isa = PBXBuildFile; fileRef = F758FD8E2875E69D000BC6B7 /* ArtistViewVM.swift */; };
		F76A12E7286B8F5700391DD4 /* SearchViewVM.swift in Sources */ = {isa = PBXBuildFile; fileRef = F76A12E6286B8F5700391DD4 /* SearchViewVM.swift */; };
		F76A12E9286BA15B00391DD4 /* Category.swift in Sources */ = {isa = PBXBuildFile; fileRef = F76A12E8286BA15B00391DD4 /* Category.swift */; };
		F76A12EB286BAB3F00391DD4 /* CategoryView.swift in Sources */ = {isa = PBXBuildFile; fileRef = F76A12EA286BAB3F00391DD4 /* CategoryView.swift */; };
		F76A12EE286BAC6100391DD4 /* CategoryViewController.swift in Sources */ = {isa = PBXBuildFile; fileRef = F76A12ED286BAC6100391DD4 /* CategoryViewController.swift */; };
		F78BBAE3288741F8003B4DF9 /* JSPlayer.swift in Sources */ = {isa = PBXBuildFile; fileRef = F78BBAE2288741F8003B4DF9 /* JSPlayer.swift */; };
		F78D33392885EF47001751FD /* index.html in Resources */ = {isa = PBXBuildFile; fileRef = F78D33382885EF47001751FD /* index.html */; };
		F78D333B2885EF8A001751FD /* script.js in Resources */ = {isa = PBXBuildFile; fileRef = F78D333A2885EF8A001751FD /* script.js */; };
		F796F2E228620BE800B41AA9 /* AuthResponse.swift in Sources */ = {isa = PBXBuildFile; fileRef = F796F2E128620BE800B41AA9 /* AuthResponse.swift */; };
		F796F2E4286287BE00B41AA9 /* Widgets.swift in Sources */ = {isa = PBXBuildFile; fileRef = F796F2E3286287BE00B41AA9 /* Widgets.swift */; };
		F7AF684C288ED26B00EE015E /* Player.swift in Sources */ = {isa = PBXBuildFile; fileRef = F7AF684B288ED26B00EE015E /* Player.swift */; };
		F7B0227A2865EC8D00340215 /* NewReleasesView.swift in Sources */ = {isa = PBXBuildFile; fileRef = F7B022792865EC8D00340215 /* NewReleasesView.swift */; };
		F7B0227C2865ECC400340215 /* FeaturedPlaylistsView.swift in Sources */ = {isa = PBXBuildFile; fileRef = F7B0227B2865ECC400340215 /* FeaturedPlaylistsView.swift */; };
		F7B0227E2865ECF500340215 /* RecommendationsView.swift in Sources */ = {isa = PBXBuildFile; fileRef = F7B0227D2865ECF500340215 /* RecommendationsView.swift */; };
		F7B022822865F4B800340215 /* HomeViewVM.swift in Sources */ = {isa = PBXBuildFile; fileRef = F7B022812865F4B800340215 /* HomeViewVM.swift */; };
		F7B02285286603B700340215 /* AlbumViewController.swift in Sources */ = {isa = PBXBuildFile; fileRef = F7B02284286603B700340215 /* AlbumViewController.swift */; };
		F7B0228728660EE500340215 /* AlbumViewVM.swift in Sources */ = {isa = PBXBuildFile; fileRef = F7B0228628660EE500340215 /* AlbumViewVM.swift */; };
		F7B022892866189900340215 /* AlbumView.swift in Sources */ = {isa = PBXBuildFile; fileRef = F7B022882866189900340215 /* AlbumView.swift */; };
		F7B0228B2866452E00340215 /* TrackView.swift in Sources */ = {isa = PBXBuildFile; fileRef = F7B0228A2866452E00340215 /* TrackView.swift */; };
		F7B0228D28664BA100340215 /* PlaylistViewVM.swift in Sources */ = {isa = PBXBuildFile; fileRef = F7B0228C28664BA100340215 /* PlaylistViewVM.swift */; };
		F7B0228F28664BFF00340215 /* PlaylistView.swift in Sources */ = {isa = PBXBuildFile; fileRef = F7B0228E28664BFF00340215 /* PlaylistView.swift */; };
		F7B4817C2863AC1400B431AB /* LaunchScreen.storyboard in Resources */ = {isa = PBXBuildFile; fileRef = F7B4817B2863AC1400B431AB /* LaunchScreen.storyboard */; };
		F7B6B22A2853C08300961852 /* MyMusicApp.swift in Sources */ = {isa = PBXBuildFile; fileRef = F7B6B2292853C08300961852 /* MyMusicApp.swift */; };
		F7B6B22C2853C08300961852 /* TabBarView.swift in Sources */ = {isa = PBXBuildFile; fileRef = F7B6B22B2853C08300961852 /* TabBarView.swift */; };
		F7B6B22E2853C08700961852 /* Assets.xcassets in Resources */ = {isa = PBXBuildFile; fileRef = F7B6B22D2853C08700961852 /* Assets.xcassets */; };
		F7B6B2312853C08700961852 /* Preview Assets.xcassets in Resources */ = {isa = PBXBuildFile; fileRef = F7B6B2302853C08700961852 /* Preview Assets.xcassets */; };
		F7B6B2402853C1E800961852 /* HomeViewController.swift in Sources */ = {isa = PBXBuildFile; fileRef = F7B6B23F2853C1E800961852 /* HomeViewController.swift */; };
		F7B6B2422853C1F200961852 /* SearchViewController.swift in Sources */ = {isa = PBXBuildFile; fileRef = F7B6B2412853C1F200961852 /* SearchViewController.swift */; };
		F7B6B2442853C1FE00961852 /* LibraryViewController.swift in Sources */ = {isa = PBXBuildFile; fileRef = F7B6B2432853C1FE00961852 /* LibraryViewController.swift */; };
		F7B6B2482853C22200961852 /* AuthViewController.swift in Sources */ = {isa = PBXBuildFile; fileRef = F7B6B2472853C22200961852 /* AuthViewController.swift */; };
		F7B6B24A2853C22F00961852 /* WelcomeView.swift in Sources */ = {isa = PBXBuildFile; fileRef = F7B6B2492853C22F00961852 /* WelcomeView.swift */; };
		F7B6B24C2853C23C00961852 /* SettingsViewController.swift in Sources */ = {isa = PBXBuildFile; fileRef = F7B6B24B2853C23C00961852 /* SettingsViewController.swift */; };
		F7B6B24E2853C25400961852 /* ProfileViewController.swift in Sources */ = {isa = PBXBuildFile; fileRef = F7B6B24D2853C25400961852 /* ProfileViewController.swift */; };
		F7B6B2502853C25F00961852 /* PlayerViewController.swift in Sources */ = {isa = PBXBuildFile; fileRef = F7B6B24F2853C25F00961852 /* PlayerViewController.swift */; };
		F7B6B2522853C26E00961852 /* PlaylistViewController.swift in Sources */ = {isa = PBXBuildFile; fileRef = F7B6B2512853C26E00961852 /* PlaylistViewController.swift */; };
		F7B6B2542853C28600961852 /* SearchResultsViewController.swift in Sources */ = {isa = PBXBuildFile; fileRef = F7B6B2532853C28600961852 /* SearchResultsViewController.swift */; };
		F7B6B2562853C29F00961852 /* AuthManager.swift in Sources */ = {isa = PBXBuildFile; fileRef = F7B6B2552853C29F00961852 /* AuthManager.swift */; };
		F7B6B2582853C2AC00961852 /* APICaller.swift in Sources */ = {isa = PBXBuildFile; fileRef = F7B6B2572853C2AC00961852 /* APICaller.swift */; };
		F7B6B25A2853C2BB00961852 /* HapticsManager.swift in Sources */ = {isa = PBXBuildFile; fileRef = F7B6B2592853C2BB00961852 /* HapticsManager.swift */; };
		F7B6B25C2853C2D200961852 /* Playlist.swift in Sources */ = {isa = PBXBuildFile; fileRef = F7B6B25B2853C2D200961852 /* Playlist.swift */; };
		F7B6B25E2853C2DE00961852 /* Track.swift in Sources */ = {isa = PBXBuildFile; fileRef = F7B6B25D2853C2DE00961852 /* Track.swift */; };
		F7B6B2602853C2ED00961852 /* Artist.swift in Sources */ = {isa = PBXBuildFile; fileRef = F7B6B25F2853C2ED00961852 /* Artist.swift */; };
		F7B6B2622853C2F400961852 /* User.swift in Sources */ = {isa = PBXBuildFile; fileRef = F7B6B2612853C2F400961852 /* User.swift */; };
		F7C5A7892864AB6F0027761C /* Totals.swift in Sources */ = {isa = PBXBuildFile; fileRef = F7C5A7882864AB6F0027761C /* Totals.swift */; };
		F7C5A78B2864ABA90027761C /* Image.swift in Sources */ = {isa = PBXBuildFile; fileRef = F7C5A78A2864ABA90027761C /* Image.swift */; };
		F7C5A78D2864ACA60027761C /* Album.swift in Sources */ = {isa = PBXBuildFile; fileRef = F7C5A78C2864ACA60027761C /* Album.swift */; };
		F7C5A78F2864CFBE0027761C /* Genre.swift in Sources */ = {isa = PBXBuildFile; fileRef = F7C5A78E2864CFBE0027761C /* Genre.swift */; };
		F7CB5A66286C851500523E9D /* Search.swift in Sources */ = {isa = PBXBuildFile; fileRef = F7CB5A65286C851500523E9D /* Search.swift */; };
		F7CB5A68286C9FB200523E9D /* ArtistView.swift in Sources */ = {isa = PBXBuildFile; fileRef = F7CB5A67286C9FB200523E9D /* ArtistView.swift */; };
		F7CB5A6A286C9FE600523E9D /* ResultsView.swift in Sources */ = {isa = PBXBuildFile; fileRef = F7CB5A69286C9FE600523E9D /* ResultsView.swift */; };
		F7CB5A6D286CA2EF00523E9D /* CachedAsyncImage in Frameworks */ = {isa = PBXBuildFile; productRef = F7CB5A6C286CA2EF00523E9D /* CachedAsyncImage */; };
/* End PBXBuildFile section */

/* Begin PBXFileReference section */
		F7059833286CB2F600CCFAC2 /* PlayerView.swift */ = {isa = PBXFileReference; lastKnownFileType = sourcecode.swift; path = PlayerView.swift; sourceTree = "<group>"; };
		F7125B92286BAFB200D2203B /* CategoryViewVM.swift */ = {isa = PBXFileReference; lastKnownFileType = sourcecode.swift; name = CategoryViewVM.swift; path = MyMusicApp/Controllers/Other/CategoryViewVM.swift; sourceTree = SOURCE_ROOT; };
		F755BDDD288B285500C49004 /* PlayerViewModel.swift */ = {isa = PBXFileReference; lastKnownFileType = sourcecode.swift; name = PlayerViewModel.swift; path = MyMusicApp/Views/PlayerViewModel.swift; sourceTree = SOURCE_ROOT; };
		F758FD872875B515000BC6B7 /* UserViewModel.swift */ = {isa = PBXFileReference; lastKnownFileType = sourcecode.swift; name = UserViewModel.swift; path = MyMusicApp/Views/UserViewModel.swift; sourceTree = SOURCE_ROOT; };
		F758FD8C2875E49C000BC6B7 /* ArtistViewController.swift */ = {isa = PBXFileReference; lastKnownFileType = sourcecode.swift; path = ArtistViewController.swift; sourceTree = "<group>"; };
		F758FD8E2875E69D000BC6B7 /* ArtistViewVM.swift */ = {isa = PBXFileReference; lastKnownFileType = sourcecode.swift; name = ArtistViewVM.swift; path = MyMusicApp/Controllers/Other/ArtistViewVM.swift; sourceTree = SOURCE_ROOT; };
		F76A12E6286B8F5700391DD4 /* SearchViewVM.swift */ = {isa = PBXFileReference; lastKnownFileType = sourcecode.swift; name = SearchViewVM.swift; path = MyMusicApp/Views/SearchViewVM.swift; sourceTree = SOURCE_ROOT; };
		F76A12E8286BA15B00391DD4 /* Category.swift */ = {isa = PBXFileReference; lastKnownFileType = sourcecode.swift; path = Category.swift; sourceTree = "<group>"; };
		F76A12EA286BAB3F00391DD4 /* CategoryView.swift */ = {isa = PBXFileReference; lastKnownFileType = sourcecode.swift; path = CategoryView.swift; sourceTree = "<group>"; };
		F76A12ED286BAC6100391DD4 /* CategoryViewController.swift */ = {isa = PBXFileReference; lastKnownFileType = sourcecode.swift; path = CategoryViewController.swift; sourceTree = "<group>"; };
		F78BBAE2288741F8003B4DF9 /* JSPlayer.swift */ = {isa = PBXFileReference; lastKnownFileType = sourcecode.swift; path = JSPlayer.swift; sourceTree = "<group>"; };
		F78D33382885EF47001751FD /* index.html */ = {isa = PBXFileReference; fileEncoding = 4; lastKnownFileType = text.html; path = index.html; sourceTree = "<group>"; };
		F78D333A2885EF8A001751FD /* script.js */ = {isa = PBXFileReference; lastKnownFileType = sourcecode.javascript; path = script.js; sourceTree = "<group>"; };
		F796F2E128620BE800B41AA9 /* AuthResponse.swift */ = {isa = PBXFileReference; fileEncoding = 4; lastKnownFileType = sourcecode.swift; path = AuthResponse.swift; sourceTree = "<group>"; };
		F796F2E3286287BE00B41AA9 /* Widgets.swift */ = {isa = PBXFileReference; lastKnownFileType = sourcecode.swift; path = Widgets.swift; sourceTree = "<group>"; };
		F7AF684B288ED26B00EE015E /* Player.swift */ = {isa = PBXFileReference; lastKnownFileType = sourcecode.swift; path = Player.swift; sourceTree = "<group>"; };
		F7AF689F285A267000A2B338 /* Info.plist */ = {isa = PBXFileReference; lastKnownFileType = text.plist; path = Info.plist; sourceTree = "<group>"; };
		F7B022792865EC8D00340215 /* NewReleasesView.swift */ = {isa = PBXFileReference; lastKnownFileType = sourcecode.swift; path = NewReleasesView.swift; sourceTree = "<group>"; };
		F7B0227B2865ECC400340215 /* FeaturedPlaylistsView.swift */ = {isa = PBXFileReference; lastKnownFileType = sourcecode.swift; path = FeaturedPlaylistsView.swift; sourceTree = "<group>"; };
		F7B0227D2865ECF500340215 /* RecommendationsView.swift */ = {isa = PBXFileReference; lastKnownFileType = sourcecode.swift; path = RecommendationsView.swift; sourceTree = "<group>"; };
		F7B022812865F4B800340215 /* HomeViewVM.swift */ = {isa = PBXFileReference; lastKnownFileType = sourcecode.swift; name = HomeViewVM.swift; path = MyMusicApp/Models/HomeViewVM.swift; sourceTree = SOURCE_ROOT; };
		F7B02284286603B700340215 /* AlbumViewController.swift */ = {isa = PBXFileReference; lastKnownFileType = sourcecode.swift; path = AlbumViewController.swift; sourceTree = "<group>"; };
		F7B0228628660EE500340215 /* AlbumViewVM.swift */ = {isa = PBXFileReference; lastKnownFileType = sourcecode.swift; name = AlbumViewVM.swift; path = MyMusicApp/Controllers/Other/AlbumViewVM.swift; sourceTree = SOURCE_ROOT; };
		F7B022882866189900340215 /* AlbumView.swift */ = {isa = PBXFileReference; lastKnownFileType = sourcecode.swift; path = AlbumView.swift; sourceTree = "<group>"; };
		F7B0228A2866452E00340215 /* TrackView.swift */ = {isa = PBXFileReference; lastKnownFileType = sourcecode.swift; path = TrackView.swift; sourceTree = "<group>"; };
		F7B0228C28664BA100340215 /* PlaylistViewVM.swift */ = {isa = PBXFileReference; lastKnownFileType = sourcecode.swift; name = PlaylistViewVM.swift; path = MyMusicApp/Views/PlaylistViewVM.swift; sourceTree = SOURCE_ROOT; };
		F7B0228E28664BFF00340215 /* PlaylistView.swift */ = {isa = PBXFileReference; lastKnownFileType = sourcecode.swift; path = PlaylistView.swift; sourceTree = "<group>"; };
		F7B4817B2863AC1400B431AB /* LaunchScreen.storyboard */ = {isa = PBXFileReference; lastKnownFileType = file.storyboard; path = LaunchScreen.storyboard; sourceTree = "<group>"; };
		F7B6B2262853C08300961852 /* MyMusicApp.app */ = {isa = PBXFileReference; explicitFileType = wrapper.application; includeInIndex = 0; path = MyMusicApp.app; sourceTree = BUILT_PRODUCTS_DIR; };
		F7B6B2292853C08300961852 /* MyMusicApp.swift */ = {isa = PBXFileReference; lastKnownFileType = sourcecode.swift; path = MyMusicApp.swift; sourceTree = "<group>"; };
		F7B6B22B2853C08300961852 /* TabBarView.swift */ = {isa = PBXFileReference; lastKnownFileType = sourcecode.swift; path = TabBarView.swift; sourceTree = "<group>"; };
		F7B6B22D2853C08700961852 /* Assets.xcassets */ = {isa = PBXFileReference; lastKnownFileType = folder.assetcatalog; path = Assets.xcassets; sourceTree = "<group>"; };
		F7B6B2302853C08700961852 /* Preview Assets.xcassets */ = {isa = PBXFileReference; lastKnownFileType = folder.assetcatalog; path = "Preview Assets.xcassets"; sourceTree = "<group>"; };
		F7B6B23F2853C1E800961852 /* HomeViewController.swift */ = {isa = PBXFileReference; lastKnownFileType = sourcecode.swift; path = HomeViewController.swift; sourceTree = "<group>"; };
		F7B6B2412853C1F200961852 /* SearchViewController.swift */ = {isa = PBXFileReference; lastKnownFileType = sourcecode.swift; path = SearchViewController.swift; sourceTree = "<group>"; };
		F7B6B2432853C1FE00961852 /* LibraryViewController.swift */ = {isa = PBXFileReference; lastKnownFileType = sourcecode.swift; path = LibraryViewController.swift; sourceTree = "<group>"; };
		F7B6B2472853C22200961852 /* AuthViewController.swift */ = {isa = PBXFileReference; lastKnownFileType = sourcecode.swift; path = AuthViewController.swift; sourceTree = "<group>"; };
		F7B6B2492853C22F00961852 /* WelcomeView.swift */ = {isa = PBXFileReference; lastKnownFileType = sourcecode.swift; path = WelcomeView.swift; sourceTree = "<group>"; };
		F7B6B24B2853C23C00961852 /* SettingsViewController.swift */ = {isa = PBXFileReference; lastKnownFileType = sourcecode.swift; path = SettingsViewController.swift; sourceTree = "<group>"; };
		F7B6B24D2853C25400961852 /* ProfileViewController.swift */ = {isa = PBXFileReference; lastKnownFileType = sourcecode.swift; path = ProfileViewController.swift; sourceTree = "<group>"; };
		F7B6B24F2853C25F00961852 /* PlayerViewController.swift */ = {isa = PBXFileReference; lastKnownFileType = sourcecode.swift; path = PlayerViewController.swift; sourceTree = "<group>"; };
		F7B6B2512853C26E00961852 /* PlaylistViewController.swift */ = {isa = PBXFileReference; lastKnownFileType = sourcecode.swift; path = PlaylistViewController.swift; sourceTree = "<group>"; };
		F7B6B2532853C28600961852 /* SearchResultsViewController.swift */ = {isa = PBXFileReference; lastKnownFileType = sourcecode.swift; path = SearchResultsViewController.swift; sourceTree = "<group>"; };
		F7B6B2552853C29F00961852 /* AuthManager.swift */ = {isa = PBXFileReference; lastKnownFileType = sourcecode.swift; path = AuthManager.swift; sourceTree = "<group>"; };
		F7B6B2572853C2AC00961852 /* APICaller.swift */ = {isa = PBXFileReference; lastKnownFileType = sourcecode.swift; path = APICaller.swift; sourceTree = "<group>"; };
		F7B6B2592853C2BB00961852 /* HapticsManager.swift */ = {isa = PBXFileReference; lastKnownFileType = sourcecode.swift; path = HapticsManager.swift; sourceTree = "<group>"; };
		F7B6B25B2853C2D200961852 /* Playlist.swift */ = {isa = PBXFileReference; lastKnownFileType = sourcecode.swift; path = Playlist.swift; sourceTree = "<group>"; };
		F7B6B25D2853C2DE00961852 /* Track.swift */ = {isa = PBXFileReference; lastKnownFileType = sourcecode.swift; path = Track.swift; sourceTree = "<group>"; };
		F7B6B25F2853C2ED00961852 /* Artist.swift */ = {isa = PBXFileReference; lastKnownFileType = sourcecode.swift; path = Artist.swift; sourceTree = "<group>"; };
		F7B6B2612853C2F400961852 /* User.swift */ = {isa = PBXFileReference; lastKnownFileType = sourcecode.swift; path = User.swift; sourceTree = "<group>"; };
		F7C5A7882864AB6F0027761C /* Totals.swift */ = {isa = PBXFileReference; lastKnownFileType = sourcecode.swift; path = Totals.swift; sourceTree = "<group>"; };
		F7C5A78A2864ABA90027761C /* Image.swift */ = {isa = PBXFileReference; lastKnownFileType = sourcecode.swift; path = Image.swift; sourceTree = "<group>"; };
		F7C5A78C2864ACA60027761C /* Album.swift */ = {isa = PBXFileReference; lastKnownFileType = sourcecode.swift; path = Album.swift; sourceTree = "<group>"; };
		F7C5A78E2864CFBE0027761C /* Genre.swift */ = {isa = PBXFileReference; lastKnownFileType = sourcecode.swift; path = Genre.swift; sourceTree = "<group>"; };
		F7CB5A65286C851500523E9D /* Search.swift */ = {isa = PBXFileReference; lastKnownFileType = sourcecode.swift; path = Search.swift; sourceTree = "<group>"; };
		F7CB5A67286C9FB200523E9D /* ArtistView.swift */ = {isa = PBXFileReference; lastKnownFileType = sourcecode.swift; path = ArtistView.swift; sourceTree = "<group>"; };
		F7CB5A69286C9FE600523E9D /* ResultsView.swift */ = {isa = PBXFileReference; lastKnownFileType = sourcecode.swift; path = ResultsView.swift; sourceTree = "<group>"; };
/* End PBXFileReference section */

/* Begin PBXFrameworksBuildPhase section */
		F7B6B2232853C08300961852 /* Frameworks */ = {
			isa = PBXFrameworksBuildPhase;
			buildActionMask = 2147483647;
			files = (
				F7CB5A6D286CA2EF00523E9D /* CachedAsyncImage in Frameworks */,
			);
			runOnlyForDeploymentPostprocessing = 0;
		};
/* End PBXFrameworksBuildPhase section */

/* Begin PBXGroup section */
		F758FD892875BC39000BC6B7 /* Library */ = {
			isa = PBXGroup;
			children = (
			);
			path = Library;
			sourceTree = "<group>";
		};
		F76A12EC286BAB4900391DD4 /* Search */ = {
			isa = PBXGroup;
			children = (
				F76A12EA286BAB3F00391DD4 /* CategoryView.swift */,
				F7CB5A69286C9FE600523E9D /* ResultsView.swift */,
			);
			path = Search;
			sourceTree = "<group>";
		};
		F7B022782865EC7100340215 /* Browse */ = {
			isa = PBXGroup;
			children = (
				F7B022792865EC8D00340215 /* NewReleasesView.swift */,
				F7B0227B2865ECC400340215 /* FeaturedPlaylistsView.swift */,
				F7B0227D2865ECF500340215 /* RecommendationsView.swift */,
			);
			path = Browse;
			sourceTree = "<group>";
		};
		F7B6B21D2853C08300961852 = {
			isa = PBXGroup;
			children = (
				F7B6B2282853C08300961852 /* MyMusicApp */,
				F7B6B2272853C08300961852 /* Products */,
			);
			sourceTree = "<group>";
		};
		F7B6B2272853C08300961852 /* Products */ = {
			isa = PBXGroup;
			children = (
				F7B6B2262853C08300961852 /* MyMusicApp.app */,
			);
			name = Products;
			sourceTree = "<group>";
		};
		F7B6B2282853C08300961852 /* MyMusicApp */ = {
			isa = PBXGroup;
			children = (
				F7AF689F285A267000A2B338 /* Info.plist */,
				F7B6B2292853C08300961852 /* MyMusicApp.swift */,
				F7B6B23C2853C0BE00961852 /* Assets */,
				F7B6B23B2853C0B900961852 /* Managers */,
				F7B6B23A2853C0B200961852 /* ViewModels */,
				F7B6B2392853C0AC00961852 /* Models */,
				F7B6B2382853C0A700961852 /* Views */,
				F7B6B2372853C09E00961852 /* Controllers */,
				F7B6B22F2853C08700961852 /* Preview Content */,
			);
			path = MyMusicApp;
			sourceTree = "<group>";
		};
		F7B6B22F2853C08700961852 /* Preview Content */ = {
			isa = PBXGroup;
			children = (
				F7B6B2302853C08700961852 /* Preview Assets.xcassets */,
			);
			path = "Preview Content";
			sourceTree = "<group>";
		};
		F7B6B2372853C09E00961852 /* Controllers */ = {
			isa = PBXGroup;
			children = (
				F7B6B2462853C20D00961852 /* Other */,
				F7B6B2452853C20300961852 /* Core */,
			);
			path = Controllers;
			sourceTree = "<group>";
		};
		F7B6B2382853C0A700961852 /* Views */ = {
			isa = PBXGroup;
			children = (
				F758FD892875BC39000BC6B7 /* Library */,
				F76A12EC286BAB4900391DD4 /* Search */,
				F7B022782865EC7100340215 /* Browse */,
				F7B6B22B2853C08300961852 /* TabBarView.swift */,
				F7B6B2492853C22F00961852 /* WelcomeView.swift */,
				F796F2E3286287BE00B41AA9 /* Widgets.swift */,
				F7B4817B2863AC1400B431AB /* LaunchScreen.storyboard */,
				F7B022882866189900340215 /* AlbumView.swift */,
				F7B0228A2866452E00340215 /* TrackView.swift */,
				F7B0228E28664BFF00340215 /* PlaylistView.swift */,
				F7CB5A67286C9FB200523E9D /* ArtistView.swift */,
				F7059833286CB2F600CCFAC2 /* PlayerView.swift */,
				F78BBAE2288741F8003B4DF9 /* JSPlayer.swift */,
			);
			path = Views;
			sourceTree = "<group>";
		};
		F7B6B2392853C0AC00961852 /* Models */ = {
			isa = PBXGroup;
			children = (
				F796F2E128620BE800B41AA9 /* AuthResponse.swift */,
				F7B6B25B2853C2D200961852 /* Playlist.swift */,
				F7B6B25D2853C2DE00961852 /* Track.swift */,
				F7B6B25F2853C2ED00961852 /* Artist.swift */,
				F7B6B2612853C2F400961852 /* User.swift */,
				F7C5A7882864AB6F0027761C /* Totals.swift */,
				F7C5A78A2864ABA90027761C /* Image.swift */,
				F7C5A78C2864ACA60027761C /* Album.swift */,
				F7C5A78E2864CFBE0027761C /* Genre.swift */,
				F76A12E8286BA15B00391DD4 /* Category.swift */,
				F7CB5A65286C851500523E9D /* Search.swift */,
				F7AF684B288ED26B00EE015E /* Player.swift */,
			);
			path = Models;
			sourceTree = "<group>";
		};
		F7B6B23A2853C0B200961852 /* ViewModels */ = {
			isa = PBXGroup;
			children = (
				F7B022812865F4B800340215 /* HomeViewVM.swift */,
				F7B0228628660EE500340215 /* AlbumViewVM.swift */,
				F7B0228C28664BA100340215 /* PlaylistViewVM.swift */,
				F76A12E6286B8F5700391DD4 /* SearchViewVM.swift */,
				F7125B92286BAFB200D2203B /* CategoryViewVM.swift */,
				F758FD872875B515000BC6B7 /* UserViewModel.swift */,
				F758FD8E2875E69D000BC6B7 /* ArtistViewVM.swift */,
				F755BDDD288B285500C49004 /* PlayerViewModel.swift */,
			);
			path = ViewModels;
			sourceTree = "<group>";
		};
		F7B6B23B2853C0B900961852 /* Managers */ = {
			isa = PBXGroup;
			children = (
				F7B6B2552853C29F00961852 /* AuthManager.swift */,
				F7B6B2572853C2AC00961852 /* APICaller.swift */,
				F7B6B2592853C2BB00961852 /* HapticsManager.swift */,
			);
			path = Managers;
			sourceTree = "<group>";
		};
		F7B6B23C2853C0BE00961852 /* Assets */ = {
			isa = PBXGroup;
			children = (
				F78D33382885EF47001751FD /* index.html */,
				F7B6B22D2853C08700961852 /* Assets.xcassets */,
				F78D333A2885EF8A001751FD /* script.js */,
			);
			path = Assets;
			sourceTree = "<group>";
		};
		F7B6B2452853C20300961852 /* Core */ = {
			isa = PBXGroup;
			children = (
				F7B6B23F2853C1E800961852 /* HomeViewController.swift */,
				F7B6B2412853C1F200961852 /* SearchViewController.swift */,
				F7B6B2432853C1FE00961852 /* LibraryViewController.swift */,
			);
			path = Core;
			sourceTree = "<group>";
		};
		F7B6B2462853C20D00961852 /* Other */ = {
			isa = PBXGroup;
			children = (
				F7B6B2472853C22200961852 /* AuthViewController.swift */,
				F7B6B24B2853C23C00961852 /* SettingsViewController.swift */,
				F7B6B24D2853C25400961852 /* ProfileViewController.swift */,
				F7B6B24F2853C25F00961852 /* PlayerViewController.swift */,
				F7B6B2512853C26E00961852 /* PlaylistViewController.swift */,
				F7B6B2532853C28600961852 /* SearchResultsViewController.swift */,
				F7B02284286603B700340215 /* AlbumViewController.swift */,
				F76A12ED286BAC6100391DD4 /* CategoryViewController.swift */,
				F758FD8C2875E49C000BC6B7 /* ArtistViewController.swift */,
			);
			path = Other;
			sourceTree = "<group>";
		};
/* End PBXGroup section */

/* Begin PBXNativeTarget section */
		F7B6B2252853C08300961852 /* MyMusicApp */ = {
			isa = PBXNativeTarget;
			buildConfigurationList = F7B6B2342853C08700961852 /* Build configuration list for PBXNativeTarget "MyMusicApp" */;
			buildPhases = (
				F7B6B2222853C08300961852 /* Sources */,
				F7B6B2232853C08300961852 /* Frameworks */,
				F7B6B2242853C08300961852 /* Resources */,
			);
			buildRules = (
			);
			dependencies = (
			);
			name = MyMusicApp;
			packageProductDependencies = (
				F7CB5A6C286CA2EF00523E9D /* CachedAsyncImage */,
			);
			productName = MyMusicApp;
			productReference = F7B6B2262853C08300961852 /* MyMusicApp.app */;
			productType = "com.apple.product-type.application";
		};
/* End PBXNativeTarget section */

/* Begin PBXProject section */
		F7B6B21E2853C08300961852 /* Project object */ = {
			isa = PBXProject;
			attributes = {
				BuildIndependentTargetsInParallel = 1;
				LastSwiftUpdateCheck = 1340;
				LastUpgradeCheck = 1340;
				TargetAttributes = {
					F7B6B2252853C08300961852 = {
						CreatedOnToolsVersion = 13.4.1;
					};
				};
			};
			buildConfigurationList = F7B6B2212853C08300961852 /* Build configuration list for PBXProject "MyMusicApp" */;
			compatibilityVersion = "Xcode 13.0";
			developmentRegion = en;
			hasScannedForEncodings = 0;
			knownRegions = (
				en,
				Base,
			);
			mainGroup = F7B6B21D2853C08300961852;
			packageReferences = (
				F7CB5A6B286CA2EF00523E9D /* XCRemoteSwiftPackageReference "swiftui-cached-async-image" */,
			);
			productRefGroup = F7B6B2272853C08300961852 /* Products */;
			projectDirPath = "";
			projectRoot = "";
			targets = (
				F7B6B2252853C08300961852 /* MyMusicApp */,
			);
		};
/* End PBXProject section */

/* Begin PBXResourcesBuildPhase section */
		F7B6B2242853C08300961852 /* Resources */ = {
			isa = PBXResourcesBuildPhase;
			buildActionMask = 2147483647;
			files = (
				F78D333B2885EF8A001751FD /* script.js in Resources */,
				F7B4817C2863AC1400B431AB /* LaunchScreen.storyboard in Resources */,
				F78D33392885EF47001751FD /* index.html in Resources */,
				F7B6B2312853C08700961852 /* Preview Assets.xcassets in Resources */,
				F7B6B22E2853C08700961852 /* Assets.xcassets in Resources */,
			);
			runOnlyForDeploymentPostprocessing = 0;
		};
/* End PBXResourcesBuildPhase section */

/* Begin PBXSourcesBuildPhase section */
		F7B6B2222853C08300961852 /* Sources */ = {
			isa = PBXSourcesBuildPhase;
			buildActionMask = 2147483647;
			files = (
				F7C5A78F2864CFBE0027761C /* Genre.swift in Sources */,
				F755BDDE288B285500C49004 /* PlayerViewModel.swift in Sources */,
				F76A12E7286B8F5700391DD4 /* SearchViewVM.swift in Sources */,
				F7B0227A2865EC8D00340215 /* NewReleasesView.swift in Sources */,
				F7059834286CB2F600CCFAC2 /* PlayerView.swift in Sources */,
				F7B6B2422853C1F200961852 /* SearchViewController.swift in Sources */,
				F7B6B25C2853C2D200961852 /* Playlist.swift in Sources */,
				F758FD8D2875E49C000BC6B7 /* ArtistViewController.swift in Sources */,
				F7B6B2562853C29F00961852 /* AuthManager.swift in Sources */,
				F7B0228728660EE500340215 /* AlbumViewVM.swift in Sources */,
				F7B6B2542853C28600961852 /* SearchResultsViewController.swift in Sources */,
				F7B0228D28664BA100340215 /* PlaylistViewVM.swift in Sources */,
				F7B02285286603B700340215 /* AlbumViewController.swift in Sources */,
				F76A12EE286BAC6100391DD4 /* CategoryViewController.swift in Sources */,
				F7B6B24A2853C22F00961852 /* WelcomeView.swift in Sources */,
				F796F2E4286287BE00B41AA9 /* Widgets.swift in Sources */,
				F7B6B25E2853C2DE00961852 /* Track.swift in Sources */,
				F7B0228B2866452E00340215 /* TrackView.swift in Sources */,
				F7B6B24E2853C25400961852 /* ProfileViewController.swift in Sources */,
				F796F2E228620BE800B41AA9 /* AuthResponse.swift in Sources */,
				F7B6B22C2853C08300961852 /* TabBarView.swift in Sources */,
				F7B6B2622853C2F400961852 /* User.swift in Sources */,
				F7B6B25A2853C2BB00961852 /* HapticsManager.swift in Sources */,
				F7B6B2482853C22200961852 /* AuthViewController.swift in Sources */,
				F7B6B22A2853C08300961852 /* MyMusicApp.swift in Sources */,
				F7B0227C2865ECC400340215 /* FeaturedPlaylistsView.swift in Sources */,
				F7CB5A68286C9FB200523E9D /* ArtistView.swift in Sources */,
				F78BBAE3288741F8003B4DF9 /* JSPlayer.swift in Sources */,
				F7CB5A66286C851500523E9D /* Search.swift in Sources */,
				F7CB5A6A286C9FE600523E9D /* ResultsView.swift in Sources */,
				F7B6B2442853C1FE00961852 /* LibraryViewController.swift in Sources */,
				F7B6B2602853C2ED00961852 /* Artist.swift in Sources */,
				F76A12EB286BAB3F00391DD4 /* CategoryView.swift in Sources */,
				F7B6B2522853C26E00961852 /* PlaylistViewController.swift in Sources */,
				F7125B93286BAFB200D2203B /* CategoryViewVM.swift in Sources */,
				F758FD8F2875E69D000BC6B7 /* ArtistViewVM.swift in Sources */,
				F758FD882875B515000BC6B7 /* UserViewModel.swift in Sources */,
				F7B022892866189900340215 /* AlbumView.swift in Sources */,
				F7B6B2402853C1E800961852 /* HomeViewController.swift in Sources */,
				F7C5A78B2864ABA90027761C /* Image.swift in Sources */,
				F7B022822865F4B800340215 /* HomeViewVM.swift in Sources */,
				F7B6B2502853C25F00961852 /* PlayerViewController.swift in Sources */,
				F7B0228F28664BFF00340215 /* PlaylistView.swift in Sources */,
				F7B0227E2865ECF500340215 /* RecommendationsView.swift in Sources */,
				F7C5A78D2864ACA60027761C /* Album.swift in Sources */,
				F76A12E9286BA15B00391DD4 /* Category.swift in Sources */,
				F7C5A7892864AB6F0027761C /* Totals.swift in Sources */,
				F7B6B2582853C2AC00961852 /* APICaller.swift in Sources */,
				F7AF684C288ED26B00EE015E /* Player.swift in Sources */,
				F7B6B24C2853C23C00961852 /* SettingsViewController.swift in Sources */,
			);
			runOnlyForDeploymentPostprocessing = 0;
		};
/* End PBXSourcesBuildPhase section */

/* Begin XCBuildConfiguration section */
		F7B6B2322853C08700961852 /* Debug */ = {
			isa = XCBuildConfiguration;
			buildSettings = {
				ALWAYS_SEARCH_USER_PATHS = NO;
				CLANG_ANALYZER_NONNULL = YES;
				CLANG_ANALYZER_NUMBER_OBJECT_CONVERSION = YES_AGGRESSIVE;
				CLANG_CXX_LANGUAGE_STANDARD = "gnu++17";
				CLANG_ENABLE_MODULES = YES;
				CLANG_ENABLE_OBJC_ARC = YES;
				CLANG_ENABLE_OBJC_WEAK = YES;
				CLANG_WARN_BLOCK_CAPTURE_AUTORELEASING = YES;
				CLANG_WARN_BOOL_CONVERSION = YES;
				CLANG_WARN_COMMA = YES;
				CLANG_WARN_CONSTANT_CONVERSION = YES;
				CLANG_WARN_DEPRECATED_OBJC_IMPLEMENTATIONS = YES;
				CLANG_WARN_DIRECT_OBJC_ISA_USAGE = YES_ERROR;
				CLANG_WARN_DOCUMENTATION_COMMENTS = YES;
				CLANG_WARN_EMPTY_BODY = YES;
				CLANG_WARN_ENUM_CONVERSION = YES;
				CLANG_WARN_INFINITE_RECURSION = YES;
				CLANG_WARN_INT_CONVERSION = YES;
				CLANG_WARN_NON_LITERAL_NULL_CONVERSION = YES;
				CLANG_WARN_OBJC_IMPLICIT_RETAIN_SELF = YES;
				CLANG_WARN_OBJC_LITERAL_CONVERSION = YES;
				CLANG_WARN_OBJC_ROOT_CLASS = YES_ERROR;
				CLANG_WARN_QUOTED_INCLUDE_IN_FRAMEWORK_HEADER = YES;
				CLANG_WARN_RANGE_LOOP_ANALYSIS = YES;
				CLANG_WARN_STRICT_PROTOTYPES = YES;
				CLANG_WARN_SUSPICIOUS_MOVE = YES;
				CLANG_WARN_UNGUARDED_AVAILABILITY = YES_AGGRESSIVE;
				CLANG_WARN_UNREACHABLE_CODE = YES;
				CLANG_WARN__DUPLICATE_METHOD_MATCH = YES;
				COPY_PHASE_STRIP = NO;
				DEBUG_INFORMATION_FORMAT = dwarf;
				ENABLE_STRICT_OBJC_MSGSEND = YES;
				ENABLE_TESTABILITY = YES;
				GCC_C_LANGUAGE_STANDARD = gnu11;
				GCC_DYNAMIC_NO_PIC = NO;
				GCC_NO_COMMON_BLOCKS = YES;
				GCC_OPTIMIZATION_LEVEL = 0;
				GCC_PREPROCESSOR_DEFINITIONS = (
					"DEBUG=1",
					"$(inherited)",
				);
				GCC_WARN_64_TO_32_BIT_CONVERSION = YES;
				GCC_WARN_ABOUT_RETURN_TYPE = YES_ERROR;
				GCC_WARN_UNDECLARED_SELECTOR = YES;
				GCC_WARN_UNINITIALIZED_AUTOS = YES_AGGRESSIVE;
				GCC_WARN_UNUSED_FUNCTION = YES;
				GCC_WARN_UNUSED_VARIABLE = YES;
				IPHONEOS_DEPLOYMENT_TARGET = 15.5;
				MTL_ENABLE_DEBUG_INFO = INCLUDE_SOURCE;
				MTL_FAST_MATH = YES;
				ONLY_ACTIVE_ARCH = YES;
				SDKROOT = iphoneos;
				SWIFT_ACTIVE_COMPILATION_CONDITIONS = DEBUG;
				SWIFT_OPTIMIZATION_LEVEL = "-Onone";
			};
			name = Debug;
		};
		F7B6B2332853C08700961852 /* Release */ = {
			isa = XCBuildConfiguration;
			buildSettings = {
				ALWAYS_SEARCH_USER_PATHS = NO;
				CLANG_ANALYZER_NONNULL = YES;
				CLANG_ANALYZER_NUMBER_OBJECT_CONVERSION = YES_AGGRESSIVE;
				CLANG_CXX_LANGUAGE_STANDARD = "gnu++17";
				CLANG_ENABLE_MODULES = YES;
				CLANG_ENABLE_OBJC_ARC = YES;
				CLANG_ENABLE_OBJC_WEAK = YES;
				CLANG_WARN_BLOCK_CAPTURE_AUTORELEASING = YES;
				CLANG_WARN_BOOL_CONVERSION = YES;
				CLANG_WARN_COMMA = YES;
				CLANG_WARN_CONSTANT_CONVERSION = YES;
				CLANG_WARN_DEPRECATED_OBJC_IMPLEMENTATIONS = YES;
				CLANG_WARN_DIRECT_OBJC_ISA_USAGE = YES_ERROR;
				CLANG_WARN_DOCUMENTATION_COMMENTS = YES;
				CLANG_WARN_EMPTY_BODY = YES;
				CLANG_WARN_ENUM_CONVERSION = YES;
				CLANG_WARN_INFINITE_RECURSION = YES;
				CLANG_WARN_INT_CONVERSION = YES;
				CLANG_WARN_NON_LITERAL_NULL_CONVERSION = YES;
				CLANG_WARN_OBJC_IMPLICIT_RETAIN_SELF = YES;
				CLANG_WARN_OBJC_LITERAL_CONVERSION = YES;
				CLANG_WARN_OBJC_ROOT_CLASS = YES_ERROR;
				CLANG_WARN_QUOTED_INCLUDE_IN_FRAMEWORK_HEADER = YES;
				CLANG_WARN_RANGE_LOOP_ANALYSIS = YES;
				CLANG_WARN_STRICT_PROTOTYPES = YES;
				CLANG_WARN_SUSPICIOUS_MOVE = YES;
				CLANG_WARN_UNGUARDED_AVAILABILITY = YES_AGGRESSIVE;
				CLANG_WARN_UNREACHABLE_CODE = YES;
				CLANG_WARN__DUPLICATE_METHOD_MATCH = YES;
				COPY_PHASE_STRIP = NO;
				DEBUG_INFORMATION_FORMAT = "dwarf-with-dsym";
				ENABLE_NS_ASSERTIONS = NO;
				ENABLE_STRICT_OBJC_MSGSEND = YES;
				GCC_C_LANGUAGE_STANDARD = gnu11;
				GCC_NO_COMMON_BLOCKS = YES;
				GCC_WARN_64_TO_32_BIT_CONVERSION = YES;
				GCC_WARN_ABOUT_RETURN_TYPE = YES_ERROR;
				GCC_WARN_UNDECLARED_SELECTOR = YES;
				GCC_WARN_UNINITIALIZED_AUTOS = YES_AGGRESSIVE;
				GCC_WARN_UNUSED_FUNCTION = YES;
				GCC_WARN_UNUSED_VARIABLE = YES;
				IPHONEOS_DEPLOYMENT_TARGET = 15.5;
				MTL_ENABLE_DEBUG_INFO = NO;
				MTL_FAST_MATH = YES;
				SDKROOT = iphoneos;
				SWIFT_COMPILATION_MODE = wholemodule;
				SWIFT_OPTIMIZATION_LEVEL = "-O";
				VALIDATE_PRODUCT = YES;
			};
			name = Release;
		};
		F7B6B2352853C08700961852 /* Debug */ = {
			isa = XCBuildConfiguration;
			buildSettings = {
				ASSETCATALOG_COMPILER_APPICON_NAME = AppIcon;
				ASSETCATALOG_COMPILER_GLOBAL_ACCENT_COLOR_NAME = AccentColor;
				CODE_SIGN_STYLE = Automatic;
				CURRENT_PROJECT_VERSION = 1;
				DEVELOPMENT_ASSET_PATHS = "\"MyMusicApp/Preview Content\"";
				DEVELOPMENT_TEAM = 94Z8KLU8Z2;
				ENABLE_PREVIEWS = YES;
				GENERATE_INFOPLIST_FILE = YES;
				INFOPLIST_FILE = MyMusicApp/Info.plist;
				INFOPLIST_KEY_UIApplicationSceneManifest_Generation = YES;
				INFOPLIST_KEY_UIApplicationSupportsIndirectInputEvents = YES;
				INFOPLIST_KEY_UILaunchScreen_Generation = YES;
				INFOPLIST_KEY_UILaunchStoryboardName = LaunchScreen;
				INFOPLIST_KEY_UISupportedInterfaceOrientations_iPad = "UIInterfaceOrientationPortrait UIInterfaceOrientationPortraitUpsideDown UIInterfaceOrientationLandscapeLeft UIInterfaceOrientationLandscapeRight";
				INFOPLIST_KEY_UISupportedInterfaceOrientations_iPhone = "UIInterfaceOrientationPortrait UIInterfaceOrientationLandscapeLeft UIInterfaceOrientationLandscapeRight";
				LD_RUNPATH_SEARCH_PATHS = (
					"$(inherited)",
					"@executable_path/Frameworks",
				);
				MARKETING_VERSION = 1.0;
				PRODUCT_BUNDLE_IDENTIFIER = com.bobrek.MyMusicApp;
				PRODUCT_NAME = "$(TARGET_NAME)";
				SWIFT_EMIT_LOC_STRINGS = YES;
				SWIFT_VERSION = 5.0;
				TARGETED_DEVICE_FAMILY = "1,2";
			};
			name = Debug;
		};
		F7B6B2362853C08700961852 /* Release */ = {
			isa = XCBuildConfiguration;
			buildSettings = {
				ASSETCATALOG_COMPILER_APPICON_NAME = AppIcon;
				ASSETCATALOG_COMPILER_GLOBAL_ACCENT_COLOR_NAME = AccentColor;
				CODE_SIGN_STYLE = Automatic;
				CURRENT_PROJECT_VERSION = 1;
				DEVELOPMENT_ASSET_PATHS = "\"MyMusicApp/Preview Content\"";
				DEVELOPMENT_TEAM = 94Z8KLU8Z2;
				ENABLE_PREVIEWS = YES;
				GENERATE_INFOPLIST_FILE = YES;
				INFOPLIST_FILE = MyMusicApp/Info.plist;
				INFOPLIST_KEY_UIApplicationSceneManifest_Generation = YES;
				INFOPLIST_KEY_UIApplicationSupportsIndirectInputEvents = YES;
				INFOPLIST_KEY_UILaunchScreen_Generation = YES;
				INFOPLIST_KEY_UILaunchStoryboardName = LaunchScreen;
				INFOPLIST_KEY_UISupportedInterfaceOrientations_iPad = "UIInterfaceOrientationPortrait UIInterfaceOrientationPortraitUpsideDown UIInterfaceOrientationLandscapeLeft UIInterfaceOrientationLandscapeRight";
				INFOPLIST_KEY_UISupportedInterfaceOrientations_iPhone = "UIInterfaceOrientationPortrait UIInterfaceOrientationLandscapeLeft UIInterfaceOrientationLandscapeRight";
				LD_RUNPATH_SEARCH_PATHS = (
					"$(inherited)",
					"@executable_path/Frameworks",
				);
				MARKETING_VERSION = 1.0;
				PRODUCT_BUNDLE_IDENTIFIER = com.bobrek.MyMusicApp;
				PRODUCT_NAME = "$(TARGET_NAME)";
				SWIFT_EMIT_LOC_STRINGS = YES;
				SWIFT_VERSION = 5.0;
				TARGETED_DEVICE_FAMILY = "1,2";
			};
			name = Release;
		};
/* End XCBuildConfiguration section */

/* Begin XCConfigurationList section */
		F7B6B2212853C08300961852 /* Build configuration list for PBXProject "MyMusicApp" */ = {
			isa = XCConfigurationList;
			buildConfigurations = (
				F7B6B2322853C08700961852 /* Debug */,
				F7B6B2332853C08700961852 /* Release */,
			);
			defaultConfigurationIsVisible = 0;
			defaultConfigurationName = Release;
		};
		F7B6B2342853C08700961852 /* Build configuration list for PBXNativeTarget "MyMusicApp" */ = {
			isa = XCConfigurationList;
			buildConfigurations = (
				F7B6B2352853C08700961852 /* Debug */,
				F7B6B2362853C08700961852 /* Release */,
			);
			defaultConfigurationIsVisible = 0;
			defaultConfigurationName = Release;
		};
/* End XCConfigurationList section */

/* Begin XCRemoteSwiftPackageReference section */
		F7CB5A6B286CA2EF00523E9D /* XCRemoteSwiftPackageReference "swiftui-cached-async-image" */ = {
			isa = XCRemoteSwiftPackageReference;
			repositoryURL = "https://github.com/lorenzofiamingo/swiftui-cached-async-image";
			requirement = {
				kind = upToNextMajorVersion;
				minimumVersion = 2.0.0;
			};
		};
/* End XCRemoteSwiftPackageReference section */

/* Begin XCSwiftPackageProductDependency section */
		F7CB5A6C286CA2EF00523E9D /* CachedAsyncImage */ = {
			isa = XCSwiftPackageProductDependency;
			package = F7CB5A6B286CA2EF00523E9D /* XCRemoteSwiftPackageReference "swiftui-cached-async-image" */;
			productName = CachedAsyncImage;
		};
/* End XCSwiftPackageProductDependency section */
	};
	rootObject = F7B6B21E2853C08300961852 /* Project object */;
}
